// !$*UTF8*$!
{
	archiveVersion = 1;
	classes = {
	};
	objectVersion = 56;
	objects = {

/* Begin PBXBuildFile section */
		FB9990C429AB6C7100F2A688 /* AppDelegate.swift in Sources */ = {isa = PBXBuildFile; fileRef = FB9990C329AB6C7100F2A688 /* AppDelegate.swift */; };
		FB9990C629AB6C7100F2A688 /* SceneDelegate.swift in Sources */ = {isa = PBXBuildFile; fileRef = FB9990C529AB6C7100F2A688 /* SceneDelegate.swift */; };
		FB9990C829AB6C7100F2A688 /* WeatherViewController.swift in Sources */ = {isa = PBXBuildFile; fileRef = FB9990C729AB6C7100F2A688 /* WeatherViewController.swift */; };
		FB9990CB29AB6C7100F2A688 /* Main.storyboard in Resources */ = {isa = PBXBuildFile; fileRef = FB9990C929AB6C7100F2A688 /* Main.storyboard */; };
		FB9990CD29AB6C7200F2A688 /* Assets.xcassets in Resources */ = {isa = PBXBuildFile; fileRef = FB9990CC29AB6C7200F2A688 /* Assets.xcassets */; };
		FB9990D029AB6C7200F2A688 /* LaunchScreen.storyboard in Resources */ = {isa = PBXBuildFile; fileRef = FB9990CE29AB6C7200F2A688 /* LaunchScreen.storyboard */; };
		FBD2D3AC29B33DAC001CF6EC /* VerticalLight.png in Resources */ = {isa = PBXBuildFile; fileRef = FBD2D3A829B33DAC001CF6EC /* VerticalLight.png */; };
		FBD2D3AD29B33DAC001CF6EC /* VerticalDark.png in Resources */ = {isa = PBXBuildFile; fileRef = FBD2D3A929B33DAC001CF6EC /* VerticalDark.png */; };
		FBD2D3AE29B33DAC001CF6EC /* HorizontalLight.png in Resources */ = {isa = PBXBuildFile; fileRef = FBD2D3AA29B33DAC001CF6EC /* HorizontalLight.png */; };
		FBD2D3AF29B33DAC001CF6EC /* HorizontalDark.png in Resources */ = {isa = PBXBuildFile; fileRef = FBD2D3AB29B33DAC001CF6EC /* HorizontalDark.png */; };
		FBECAF2429AB9D9700D8EED0 /* WeatherManager.swift in Sources */ = {isa = PBXBuildFile; fileRef = FBECAF2329AB9D9700D8EED0 /* WeatherManager.swift */; };
		FBECAF2829AB9DB600D8EED0 /* WeatherData.swift in Sources */ = {isa = PBXBuildFile; fileRef = FBECAF2729AB9DB600D8EED0 /* WeatherData.swift */; };
		FBECAF2A29ABA37B00D8EED0 /* Constants.swift in Sources */ = {isa = PBXBuildFile; fileRef = FBECAF2929ABA37B00D8EED0 /* Constants.swift */; };
		FBF0BE4B29ABB6C000EEFC4D /* WeatherDataModel.swift in Sources */ = {isa = PBXBuildFile; fileRef = FBF0BE4A29ABB6C000EEFC4D /* WeatherDataModel.swift */; };
/* End PBXBuildFile section */

/* Begin PBXFileReference section */
		FB9990C029AB6C7100F2A688 /* WeatherApp.app */ = {isa = PBXFileReference; explicitFileType = wrapper.application; includeInIndex = 0; path = WeatherApp.app; sourceTree = BUILT_PRODUCTS_DIR; };
		FB9990C329AB6C7100F2A688 /* AppDelegate.swift */ = {isa = PBXFileReference; lastKnownFileType = sourcecode.swift; path = AppDelegate.swift; sourceTree = "<group>"; };
		FB9990C529AB6C7100F2A688 /* SceneDelegate.swift */ = {isa = PBXFileReference; lastKnownFileType = sourcecode.swift; path = SceneDelegate.swift; sourceTree = "<group>"; };
		FB9990C729AB6C7100F2A688 /* WeatherViewController.swift */ = {isa = PBXFileReference; lastKnownFileType = sourcecode.swift; path = WeatherViewController.swift; sourceTree = "<group>"; };
		FB9990CA29AB6C7100F2A688 /* Base */ = {isa = PBXFileReference; lastKnownFileType = file.storyboard; name = Base; path = Base.lproj/Main.storyboard; sourceTree = "<group>"; };
		FB9990CC29AB6C7200F2A688 /* Assets.xcassets */ = {isa = PBXFileReference; lastKnownFileType = folder.assetcatalog; path = Assets.xcassets; sourceTree = "<group>"; };
		FB9990CF29AB6C7200F2A688 /* Base */ = {isa = PBXFileReference; lastKnownFileType = file.storyboard; name = Base; path = Base.lproj/LaunchScreen.storyboard; sourceTree = "<group>"; };
		FB9990D129AB6C7200F2A688 /* Info.plist */ = {isa = PBXFileReference; lastKnownFileType = text.plist.xml; path = Info.plist; sourceTree = "<group>"; };
		FBD2D3A829B33DAC001CF6EC /* VerticalLight.png */ = {isa = PBXFileReference; lastKnownFileType = image.png; path = VerticalLight.png; sourceTree = "<group>"; };
		FBD2D3A929B33DAC001CF6EC /* VerticalDark.png */ = {isa = PBXFileReference; lastKnownFileType = image.png; path = VerticalDark.png; sourceTree = "<group>"; };
		FBD2D3AA29B33DAC001CF6EC /* HorizontalLight.png */ = {isa = PBXFileReference; lastKnownFileType = image.png; path = HorizontalLight.png; sourceTree = "<group>"; };
		FBD2D3AB29B33DAC001CF6EC /* HorizontalDark.png */ = {isa = PBXFileReference; lastKnownFileType = image.png; path = HorizontalDark.png; sourceTree = "<group>"; };
		FBECAF2329AB9D9700D8EED0 /* WeatherManager.swift */ = {isa = PBXFileReference; lastKnownFileType = sourcecode.swift; path = WeatherManager.swift; sourceTree = "<group>"; };
		FBECAF2729AB9DB600D8EED0 /* WeatherData.swift */ = {isa = PBXFileReference; lastKnownFileType = sourcecode.swift; path = WeatherData.swift; sourceTree = "<group>"; };
		FBECAF2929ABA37B00D8EED0 /* Constants.swift */ = {isa = PBXFileReference; lastKnownFileType = sourcecode.swift; path = Constants.swift; sourceTree = "<group>"; };
		FBF0BE4A29ABB6C000EEFC4D /* WeatherDataModel.swift */ = {isa = PBXFileReference; lastKnownFileType = sourcecode.swift; path = WeatherDataModel.swift; sourceTree = "<group>"; };
/* End PBXFileReference section */

/* Begin PBXFrameworksBuildPhase section */
		FB9990BD29AB6C7100F2A688 /* Frameworks */ = {
			isa = PBXFrameworksBuildPhase;
			buildActionMask = 2147483647;
			files = (
			);
			runOnlyForDeploymentPostprocessing = 0;
		};
/* End PBXFrameworksBuildPhase section */

/* Begin PBXGroup section */
		FB9990B729AB6C7100F2A688 = {
			isa = PBXGroup;
			children = (
				FB9990C229AB6C7100F2A688 /* WeatherApp */,
				FB9990C129AB6C7100F2A688 /* Products */,
			);
			sourceTree = "<group>";
		};
		FB9990C129AB6C7100F2A688 /* Products */ = {
			isa = PBXGroup;
			children = (
				FB9990C029AB6C7100F2A688 /* WeatherApp.app */,
			);
			name = Products;
			sourceTree = "<group>";
		};
		FB9990C229AB6C7100F2A688 /* WeatherApp */ = {
			isa = PBXGroup;
			children = (
				FBD2D3A729B33D7E001CF6EC /* ScreenShots */,
				FB9990CE29AB6C7200F2A688 /* LaunchScreen.storyboard */,
				FB9990D929AB6DE000F2A688 /* Controller */,
				FB9990D829AB6DDA00F2A688 /* View */,
				FB9990D729AB6DCD00F2A688 /* Model */,
				FB9990C329AB6C7100F2A688 /* AppDelegate.swift */,
				FB9990C529AB6C7100F2A688 /* SceneDelegate.swift */,
				FB9990CC29AB6C7200F2A688 /* Assets.xcassets */,
				FB9990D129AB6C7200F2A688 /* Info.plist */,
			);
			path = WeatherApp;
			sourceTree = "<group>";
		};
		FB9990D729AB6DCD00F2A688 /* Model */ = {
			isa = PBXGroup;
			children = (
				FBECAF2329AB9D9700D8EED0 /* WeatherManager.swift */,
				FBECAF2729AB9DB600D8EED0 /* WeatherData.swift */,
				FBECAF2929ABA37B00D8EED0 /* Constants.swift */,
				FBF0BE4A29ABB6C000EEFC4D /* WeatherDataModel.swift */,
			);
			path = Model;
			sourceTree = "<group>";
		};
		FB9990D829AB6DDA00F2A688 /* View */ = {
			isa = PBXGroup;
			children = (
				FB9990C929AB6C7100F2A688 /* Main.storyboard */,
			);
			path = View;
			sourceTree = "<group>";
		};
		FB9990D929AB6DE000F2A688 /* Controller */ = {
			isa = PBXGroup;
			children = (
				FB9990C729AB6C7100F2A688 /* WeatherViewController.swift */,
			);
			path = Controller;
			sourceTree = "<group>";
		};
		FBD2D3A729B33D7E001CF6EC /* ScreenShots */ = {
			isa = PBXGroup;
			children = (
				FBD2D3A929B33DAC001CF6EC /* VerticalDark.png */,
				FBD2D3AB29B33DAC001CF6EC /* HorizontalDark.png */,
				FBD2D3A829B33DAC001CF6EC /* VerticalLight.png */,
				FBD2D3AA29B33DAC001CF6EC /* HorizontalLight.png */,
			);
			path = ScreenShots;
			sourceTree = "<group>";
		};
/* End PBXGroup section */

/* Begin PBXNativeTarget section */
		FB9990BF29AB6C7100F2A688 /* WeatherApp */ = {
			isa = PBXNativeTarget;
			buildConfigurationList = FB9990D429AB6C7200F2A688 /* Build configuration list for PBXNativeTarget "WeatherApp" */;
			buildPhases = (
				FB9990BC29AB6C7100F2A688 /* Sources */,
				FB9990BD29AB6C7100F2A688 /* Frameworks */,
				FB9990BE29AB6C7100F2A688 /* Resources */,
			);
			buildRules = (
			);
			dependencies = (
			);
			name = WeatherApp;
			productName = WeatherApp;
			productReference = FB9990C029AB6C7100F2A688 /* WeatherApp.app */;
			productType = "com.apple.product-type.application";
		};
/* End PBXNativeTarget section */

/* Begin PBXProject section */
		FB9990B829AB6C7100F2A688 /* Project object */ = {
			isa = PBXProject;
			attributes = {
				BuildIndependentTargetsInParallel = 1;
				LastSwiftUpdateCheck = 1420;
				LastUpgradeCheck = 1420;
				TargetAttributes = {
					FB9990BF29AB6C7100F2A688 = {
						CreatedOnToolsVersion = 14.2;
					};
				};
			};
			buildConfigurationList = FB9990BB29AB6C7100F2A688 /* Build configuration list for PBXProject "WeatherApp" */;
			compatibilityVersion = "Xcode 14.0";
			developmentRegion = en;
			hasScannedForEncodings = 0;
			knownRegions = (
				en,
				Base,
			);
			mainGroup = FB9990B729AB6C7100F2A688;
			productRefGroup = FB9990C129AB6C7100F2A688 /* Products */;
			projectDirPath = "";
			projectRoot = "";
			targets = (
				FB9990BF29AB6C7100F2A688 /* WeatherApp */,
			);
		};
/* End PBXProject section */

/* Begin PBXResourcesBuildPhase section */
		FB9990BE29AB6C7100F2A688 /* Resources */ = {
			isa = PBXResourcesBuildPhase;
			buildActionMask = 2147483647;
			files = (
				FBD2D3AE29B33DAC001CF6EC /* HorizontalLight.png in Resources */,
				FBD2D3AF29B33DAC001CF6EC /* HorizontalDark.png in Resources */,
				FB9990D029AB6C7200F2A688 /* LaunchScreen.storyboard in Resources */,
				FBD2D3AD29B33DAC001CF6EC /* VerticalDark.png in Resources */,
				FB9990CD29AB6C7200F2A688 /* Assets.xcassets in Resources */,
				FB9990CB29AB6C7100F2A688 /* Main.storyboard in Resources */,
				FBD2D3AC29B33DAC001CF6EC /* VerticalLight.png in Resources */,
			);
			runOnlyForDeploymentPostprocessing = 0;
		};
/* End PBXResourcesBuildPhase section */

/* Begin PBXSourcesBuildPhase section */
		FB9990BC29AB6C7100F2A688 /* Sources */ = {
			isa = PBXSourcesBuildPhase;
			buildActionMask = 2147483647;
			files = (
				FB9990C829AB6C7100F2A688 /* WeatherViewController.swift in Sources */,
				FB9990C429AB6C7100F2A688 /* AppDelegate.swift in Sources */,
				FBF0BE4B29ABB6C000EEFC4D /* WeatherDataModel.swift in Sources */,
				FBECAF2429AB9D9700D8EED0 /* WeatherManager.swift in Sources */,
				FB9990C629AB6C7100F2A688 /* SceneDelegate.swift in Sources */,
				FBECAF2A29ABA37B00D8EED0 /* Constants.swift in Sources */,
				FBECAF2829AB9DB600D8EED0 /* WeatherData.swift in Sources */,
			);
			runOnlyForDeploymentPostprocessing = 0;
		};
/* End PBXSourcesBuildPhase section */

/* Begin PBXVariantGroup section */
		FB9990C929AB6C7100F2A688 /* Main.storyboard */ = {
			isa = PBXVariantGroup;
			children = (
				FB9990CA29AB6C7100F2A688 /* Base */,
			);
			name = Main.storyboard;
			sourceTree = "<group>";
		};
		FB9990CE29AB6C7200F2A688 /* LaunchScreen.storyboard */ = {
			isa = PBXVariantGroup;
			children = (
				FB9990CF29AB6C7200F2A688 /* Base */,
			);
			name = LaunchScreen.storyboard;
			sourceTree = "<group>";
		};
/* End PBXVariantGroup section */

/* Begin XCBuildConfiguration section */
		FB9990D229AB6C7200F2A688 /* Debug */ = {
			isa = XCBuildConfiguration;
			buildSettings = {
				ALWAYS_SEARCH_USER_PATHS = NO;
				CLANG_ANALYZER_NONNULL = YES;
				CLANG_ANALYZER_NUMBER_OBJECT_CONVERSION = YES_AGGRESSIVE;
				CLANG_CXX_LANGUAGE_STANDARD = "gnu++20";
				CLANG_ENABLE_MODULES = YES;
				CLANG_ENABLE_OBJC_ARC = YES;
				CLANG_ENABLE_OBJC_WEAK = YES;
				CLANG_WARN_BLOCK_CAPTURE_AUTORELEASING = YES;
				CLANG_WARN_BOOL_CONVERSION = YES;
				CLANG_WARN_COMMA = YES;
				CLANG_WARN_CONSTANT_CONVERSION = YES;
				CLANG_WARN_DEPRECATED_OBJC_IMPLEMENTATIONS = YES;
				CLANG_WARN_DIRECT_OBJC_ISA_USAGE = YES_ERROR;
				CLANG_WARN_DOCUMENTATION_COMMENTS = YES;
				CLANG_WARN_EMPTY_BODY = YES;
				CLANG_WARN_ENUM_CONVERSION = YES;
				CLANG_WARN_INFINITE_RECURSION = YES;
				CLANG_WARN_INT_CONVERSION = YES;
				CLANG_WARN_NON_LITERAL_NULL_CONVERSION = YES;
				CLANG_WARN_OBJC_IMPLICIT_RETAIN_SELF = YES;
				CLANG_WARN_OBJC_LITERAL_CONVERSION = YES;
				CLANG_WARN_OBJC_ROOT_CLASS = YES_ERROR;
				CLANG_WARN_QUOTED_INCLUDE_IN_FRAMEWORK_HEADER = YES;
				CLANG_WARN_RANGE_LOOP_ANALYSIS = YES;
				CLANG_WARN_STRICT_PROTOTYPES = YES;
				CLANG_WARN_SUSPICIOUS_MOVE = YES;
				CLANG_WARN_UNGUARDED_AVAILABILITY = YES_AGGRESSIVE;
				CLANG_WARN_UNREACHABLE_CODE = YES;
				CLANG_WARN__DUPLICATE_METHOD_MATCH = YES;
				COPY_PHASE_STRIP = NO;
				DEBUG_INFORMATION_FORMAT = dwarf;
				ENABLE_STRICT_OBJC_MSGSEND = YES;
				ENABLE_TESTABILITY = YES;
				GCC_C_LANGUAGE_STANDARD = gnu11;
				GCC_DYNAMIC_NO_PIC = NO;
				GCC_NO_COMMON_BLOCKS = YES;
				GCC_OPTIMIZATION_LEVEL = 0;
				GCC_PREPROCESSOR_DEFINITIONS = (
					"DEBUG=1",
					"$(inherited)",
				);
				GCC_WARN_64_TO_32_BIT_CONVERSION = YES;
				GCC_WARN_ABOUT_RETURN_TYPE = YES_ERROR;
				GCC_WARN_UNDECLARED_SELECTOR = YES;
				GCC_WARN_UNINITIALIZED_AUTOS = YES_AGGRESSIVE;
				GCC_WARN_UNUSED_FUNCTION = YES;
				GCC_WARN_UNUSED_VARIABLE = YES;
				IPHONEOS_DEPLOYMENT_TARGET = 16.2;
				MTL_ENABLE_DEBUG_INFO = INCLUDE_SOURCE;
				MTL_FAST_MATH = YES;
				ONLY_ACTIVE_ARCH = YES;
				SDKROOT = iphoneos;
				SWIFT_ACTIVE_COMPILATION_CONDITIONS = DEBUG;
				SWIFT_OPTIMIZATION_LEVEL = "-Onone";
			};
			name = Debug;
		};
		FB9990D329AB6C7200F2A688 /* Release */ = {
			isa = XCBuildConfiguration;
			buildSettings = {
				ALWAYS_SEARCH_USER_PATHS = NO;
				CLANG_ANALYZER_NONNULL = YES;
				CLANG_ANALYZER_NUMBER_OBJECT_CONVERSION = YES_AGGRESSIVE;
				CLANG_CXX_LANGUAGE_STANDARD = "gnu++20";
				CLANG_ENABLE_MODULES = YES;
				CLANG_ENABLE_OBJC_ARC = YES;
				CLANG_ENABLE_OBJC_WEAK = YES;
				CLANG_WARN_BLOCK_CAPTURE_AUTORELEASING = YES;
				CLANG_WARN_BOOL_CONVERSION = YES;
				CLANG_WARN_COMMA = YES;
				CLANG_WARN_CONSTANT_CONVERSION = YES;
				CLANG_WARN_DEPRECATED_OBJC_IMPLEMENTATIONS = YES;
				CLANG_WARN_DIRECT_OBJC_ISA_USAGE = YES_ERROR;
				CLANG_WARN_DOCUMENTATION_COMMENTS = YES;
				CLANG_WARN_EMPTY_BODY = YES;
				CLANG_WARN_ENUM_CONVERSION = YES;
				CLANG_WARN_INFINITE_RECURSION = YES;
				CLANG_WARN_INT_CONVERSION = YES;
				CLANG_WARN_NON_LITERAL_NULL_CONVERSION = YES;
				CLANG_WARN_OBJC_IMPLICIT_RETAIN_SELF = YES;
				CLANG_WARN_OBJC_LITERAL_CONVERSION = YES;
				CLANG_WARN_OBJC_ROOT_CLASS = YES_ERROR;
				CLANG_WARN_QUOTED_INCLUDE_IN_FRAMEWORK_HEADER = YES;
				CLANG_WARN_RANGE_LOOP_ANALYSIS = YES;
				CLANG_WARN_STRICT_PROTOTYPES = YES;
				CLANG_WARN_SUSPICIOUS_MOVE = YES;
				CLANG_WARN_UNGUARDED_AVAILABILITY = YES_AGGRESSIVE;
				CLANG_WARN_UNREACHABLE_CODE = YES;
				CLANG_WARN__DUPLICATE_METHOD_MATCH = YES;
				COPY_PHASE_STRIP = NO;
				DEBUG_INFORMATION_FORMAT = "dwarf-with-dsym";
				ENABLE_NS_ASSERTIONS = NO;
				ENABLE_STRICT_OBJC_MSGSEND = YES;
				GCC_C_LANGUAGE_STANDARD = gnu11;
				GCC_NO_COMMON_BLOCKS = YES;
				GCC_WARN_64_TO_32_BIT_CONVERSION = YES;
				GCC_WARN_ABOUT_RETURN_TYPE = YES_ERROR;
				GCC_WARN_UNDECLARED_SELECTOR = YES;
				GCC_WARN_UNINITIALIZED_AUTOS = YES_AGGRESSIVE;
				GCC_WARN_UNUSED_FUNCTION = YES;
				GCC_WARN_UNUSED_VARIABLE = YES;
				IPHONEOS_DEPLOYMENT_TARGET = 16.2;
				MTL_ENABLE_DEBUG_INFO = NO;
				MTL_FAST_MATH = YES;
				SDKROOT = iphoneos;
				SWIFT_COMPILATION_MODE = wholemodule;
				SWIFT_OPTIMIZATION_LEVEL = "-O";
				VALIDATE_PRODUCT = YES;
			};
			name = Release;
		};
		FB9990D529AB6C7200F2A688 /* Debug */ = {
			isa = XCBuildConfiguration;
			buildSettings = {
				ASSETCATALOG_COMPILER_APPICON_NAME = AppIcon;
				ASSETCATALOG_COMPILER_GLOBAL_ACCENT_COLOR_NAME = AccentColor;
				CODE_SIGN_STYLE = Automatic;
				CURRENT_PROJECT_VERSION = 1;
				GENERATE_INFOPLIST_FILE = YES;
				INFOPLIST_FILE = WeatherApp/Info.plist;
				INFOPLIST_KEY_UIApplicationSupportsIndirectInputEvents = YES;
				INFOPLIST_KEY_UILaunchStoryboardName = LaunchScreen;
				INFOPLIST_KEY_UIMainStoryboardFile = Main;
				INFOPLIST_KEY_UISupportedInterfaceOrientations_iPad = "UIInterfaceOrientationPortrait UIInterfaceOrientationPortraitUpsideDown UIInterfaceOrientationLandscapeLeft UIInterfaceOrientationLandscapeRight";
				INFOPLIST_KEY_UISupportedInterfaceOrientations_iPhone = "UIInterfaceOrientationPortrait UIInterfaceOrientationLandscapeLeft UIInterfaceOrientationLandscapeRight";
				LD_RUNPATH_SEARCH_PATHS = (
					"$(inherited)",
					"@executable_path/Frameworks",
				);
				MARKETING_VERSION = 1.0;
				PRODUCT_BUNDLE_IDENTIFIER = anil.WeatherApp;
				PRODUCT_NAME = "$(TARGET_NAME)";
				SWIFT_EMIT_LOC_STRINGS = YES;
				SWIFT_VERSION = 5.0;
				TARGETED_DEVICE_FAMILY = "1,2";
			};
			name = Debug;
		};
		FB9990D629AB6C7200F2A688 /* Release */ = {
			isa = XCBuildConfiguration;
			buildSettings = {
				ASSETCATALOG_COMPILER_APPICON_NAME = AppIcon;
				ASSETCATALOG_COMPILER_GLOBAL_ACCENT_COLOR_NAME = AccentColor;
				CODE_SIGN_STYLE = Automatic;
				CURRENT_PROJECT_VERSION = 1;
				GENERATE_INFOPLIST_FILE = YES;
				INFOPLIST_FILE = WeatherApp/Info.plist;
				INFOPLIST_KEY_UIApplicationSupportsIndirectInputEvents = YES;
				INFOPLIST_KEY_UILaunchStoryboardName = LaunchScreen;
				INFOPLIST_KEY_UIMainStoryboardFile = Main;
				INFOPLIST_KEY_UISupportedInterfaceOrientations_iPad = "UIInterfaceOrientationPortrait UIInterfaceOrientationPortraitUpsideDown UIInterfaceOrientationLandscapeLeft UIInterfaceOrientationLandscapeRight";
				INFOPLIST_KEY_UISupportedInterfaceOrientations_iPhone = "UIInterfaceOrientationPortrait UIInterfaceOrientationLandscapeLeft UIInterfaceOrientationLandscapeRight";
				LD_RUNPATH_SEARCH_PATHS = (
					"$(inherited)",
					"@executable_path/Frameworks",
				);
				MARKETING_VERSION = 1.0;
				PRODUCT_BUNDLE_IDENTIFIER = anil.WeatherApp;
				PRODUCT_NAME = "$(TARGET_NAME)";
				SWIFT_EMIT_LOC_STRINGS = YES;
				SWIFT_VERSION = 5.0;
				TARGETED_DEVICE_FAMILY = "1,2";
			};
			name = Release;
		};
/* End XCBuildConfiguration section */

/* Begin XCConfigurationList section */
		FB9990BB29AB6C7100F2A688 /* Build configuration list for PBXProject "WeatherApp" */ = {
			isa = XCConfigurationList;
			buildConfigurations = (
				FB9990D229AB6C7200F2A688 /* Debug */,
				FB9990D329AB6C7200F2A688 /* Release */,
			);
			defaultConfigurationIsVisible = 0;
			defaultConfigurationName = Release;
		};
		FB9990D429AB6C7200F2A688 /* Build configuration list for PBXNativeTarget "WeatherApp" */ = {
			isa = XCConfigurationList;
			buildConfigurations = (
				FB9990D529AB6C7200F2A688 /* Debug */,
				FB9990D629AB6C7200F2A688 /* Release */,
			);
			defaultConfigurationIsVisible = 0;
			defaultConfigurationName = Release;
		};
/* End XCConfigurationList section */
	};
	rootObject = FB9990B829AB6C7100F2A688 /* Project object */;
}
